{
  "name": "flask-server",
  "lockfileVersion": 2,
  "requires": true,
  "packages": {
    "": {
      "dependencies": {
        "downsample": "^1.4.0"
      }
    },
    "node_modules/downsample": {
      "version": "1.4.0",
      "resolved": "https://registry.npmjs.org/downsample/-/downsample-1.4.0.tgz",
      "integrity": "sha512-teYPhUPxqwtyICt47t1mP/LjhbRV/ghuKb/LmFDbcZ0CjqFD31tn6rVLZoeCEa1xr8+f2skW8UjRiLiGIKQE4w=="
    }
  },
  "dependencies": {
    "downsample": {
      "version": "1.4.0",
      "resolved": "https://registry.npmjs.org/downsample/-/downsample-1.4.0.tgz",
      "integrity": "sha512-teYPhUPxqwtyICt47t1mP/LjhbRV/ghuKb/LmFDbcZ0CjqFD31tn6rVLZoeCEa1xr8+f2skW8UjRiLiGIKQE4w=="
    }
  }
}
